
Microsoft Visual Studio Solution File, Format Version 12.00
# Visual Studio Version 16
VisualStudioVersion = 16.0.30907.101
MinimumVisualStudioVersion = 10.0.40219.1
Project("{FAE04EC0-301F-11D3-BF4B-00C04F79EFBC}") = "RefAndOut", "RefAndOut\RefAndOut.csproj", "{6F4B89A0-AD89-4F57-9BF2-C53BBBFB70EC}"
EndProject
Global
	GlobalSection(SolutionConfigurationPlatforms) = preSolution
		Debug|Any CPU = Debug|Any CPU
		Release|Any CPU = Release|Any CPU
	EndGlobalSection
	GlobalSection(ProjectConfigurationPlatforms) = postSolution
		{6F4B89A0-AD89-4F57-9BF2-C53BBBFB70EC}.Debug|Any CPU.ActiveCfg = Debug|Any CPU
		{6F4B89A0-AD89-4F57-9BF2-C53BBBFB70EC}.Debug|Any CPU.Build.0 = Debug|Any CPU
		{6F4B89A0-AD89-4F57-9BF2-C53BBBFB70EC}.Release|Any CPU.ActiveCfg = Release|Any CPU
		{6F4B89A0-AD89-4F57-9BF2-C53BBBFB70EC}.Release|Any CPU.Build.0 = Release|Any CPU
	EndGlobalSection
	GlobalSection(SolutionProperties) = preSolution
		HideSolutionNode = FALSE
	EndGlobalSection
	GlobalSection(ExtensibilityGlobals) = postSolution
		SolutionGuid = {6CDEE7D5-0A64-4D1A-A216-7926C5A435A5}
	EndGlobalSection
EndGlobal
